PODS:
  - Flutter (1.0.0)
  - playify (0.0.1):
    - Flutter

DEPENDENCIES:
  - Flutter (from `Flutter`)
  - playify (from `.symlinks/plugins/playify/ios`)

EXTERNAL SOURCES:
  Flutter:
    :path: Flutter
  playify:
    :path: ".symlinks/plugins/playify/ios"

SPEC CHECKSUMS:
  Flutter: 0e3d915762c693b495b44d77113d4970485de6ec
  playify: 011a349ff3652284046a563c0866e0bed7751ca8

PODFILE CHECKSUM: aafe91acc616949ddb318b77800a7f51bffa2a4c

COCOAPODS: 1.9.1
